
Microsoft Visual Studio Solution File, Format Version 12.00
# Visual Studio Version 17
VisualStudioVersion = 17.11.35222.181
MinimumVisualStudioVersion = 10.0.40219.1
Project("{FAE04EC0-301F-11D3-BF4B-00C04F79EFBC}") = "TrinhMinhTan_TourkitApply", "TrinhMinhTan_TourkitApply\TrinhMinhTan_TourkitApply.csproj", "{A55ADDD2-21EA-4E93-BC22-3FB9A22BAA77}"
EndProject
Global
	GlobalSection(SolutionConfigurationPlatforms) = preSolution
		Debug|Any CPU = Debug|Any CPU
		Release|Any CPU = Release|Any CPU
	EndGlobalSection
	GlobalSection(ProjectConfigurationPlatforms) = postSolution
		{A55ADDD2-21EA-4E93-BC22-3FB9A22BAA77}.Debug|Any CPU.ActiveCfg = Debug|Any CPU
		{A55ADDD2-21EA-4E93-BC22-3FB9A22BAA77}.Debug|Any CPU.Build.0 = Debug|Any CPU
		{A55ADDD2-21EA-4E93-BC22-3FB9A22BAA77}.Release|Any CPU.ActiveCfg = Release|Any CPU
		{A55ADDD2-21EA-4E93-BC22-3FB9A22BAA77}.Release|Any CPU.Build.0 = Release|Any CPU
	EndGlobalSection
	GlobalSection(SolutionProperties) = preSolution
		HideSolutionNode = FALSE
	EndGlobalSection
	GlobalSection(ExtensibilityGlobals) = postSolution
		SolutionGuid = {B1A68DDB-7C14-43AB-ABE5-34EB85471D8E}
	EndGlobalSection
EndGlobal
